
Microsoft Visual Studio Solution File, Format Version 12.00
# Visual Studio Version 17
VisualStudioVersion = 17.4.33205.214
MinimumVisualStudioVersion = 10.0.40219.1
Project("{FAE04EC0-301F-11D3-BF4B-00C04F79EFBC}") = "CheckISPAdress", "CheckISPAdress\CheckISPAdress.csproj", "{FB304247-B45B-4344-93DD-48F9E3AFE700}"
EndProject
Global
	GlobalSection(SolutionConfigurationPlatforms) = preSolution
		Debug|Any CPU = Debug|Any CPU
		Release|Any CPU = Release|Any CPU
	EndGlobalSection
	GlobalSection(ProjectConfigurationPlatforms) = postSolution
		{FB304247-B45B-4344-93DD-48F9E3AFE700}.Debug|Any CPU.ActiveCfg = Debug|Any CPU
		{FB304247-B45B-4344-93DD-48F9E3AFE700}.Debug|Any CPU.Build.0 = Debug|Any CPU
		{FB304247-B45B-4344-93DD-48F9E3AFE700}.Release|Any CPU.ActiveCfg = Release|Any CPU
		{FB304247-B45B-4344-93DD-48F9E3AFE700}.Release|Any CPU.Build.0 = Release|Any CPU
	EndGlobalSection
	GlobalSection(SolutionProperties) = preSolution
		HideSolutionNode = FALSE
	EndGlobalSection
	GlobalSection(ExtensibilityGlobals) = postSolution
		SolutionGuid = {076D7817-D033-446E-9A96-CC50C71B1B65}
	EndGlobalSection
EndGlobal
